
Microsoft Visual Studio Solution File, Format Version 12.00
# Visual Studio Version 17
VisualStudioVersion = 17.9.34622.214
MinimumVisualStudioVersion = 10.0.40219.1
Project("{FAE04EC0-301F-11D3-BF4B-00C04F79EFBC}") = "HotelMenuTask", "HotelMenuTask\HotelMenuTask.csproj", "{056D4796-89F2-4F8E-AC4F-DD3D1BE16214}"
EndProject
Project("{FAE04EC0-301F-11D3-BF4B-00C04F79EFBC}") = "DAL", "DAL\DAL.csproj", "{1953A640-F1BA-4470-87C0-A232A6DD6118}"
EndProject
Project("{FAE04EC0-301F-11D3-BF4B-00C04F79EFBC}") = "BLL", "BLL\BLL.csproj", "{70EF2B44-0701-43C0-8C0D-FADB8560CC21}"
EndProject
Global
	GlobalSection(SolutionConfigurationPlatforms) = preSolution
		Debug|Any CPU = Debug|Any CPU
		Release|Any CPU = Release|Any CPU
	EndGlobalSection
	GlobalSection(ProjectConfigurationPlatforms) = postSolution
		{056D4796-89F2-4F8E-AC4F-DD3D1BE16214}.Debug|Any CPU.ActiveCfg = Debug|Any CPU
		{056D4796-89F2-4F8E-AC4F-DD3D1BE16214}.Debug|Any CPU.Build.0 = Debug|Any CPU
		{056D4796-89F2-4F8E-AC4F-DD3D1BE16214}.Release|Any CPU.ActiveCfg = Release|Any CPU
		{056D4796-89F2-4F8E-AC4F-DD3D1BE16214}.Release|Any CPU.Build.0 = Release|Any CPU
		{1953A640-F1BA-4470-87C0-A232A6DD6118}.Debug|Any CPU.ActiveCfg = Debug|Any CPU
		{1953A640-F1BA-4470-87C0-A232A6DD6118}.Debug|Any CPU.Build.0 = Debug|Any CPU
		{1953A640-F1BA-4470-87C0-A232A6DD6118}.Release|Any CPU.ActiveCfg = Release|Any CPU
		{1953A640-F1BA-4470-87C0-A232A6DD6118}.Release|Any CPU.Build.0 = Release|Any CPU
		{70EF2B44-0701-43C0-8C0D-FADB8560CC21}.Debug|Any CPU.ActiveCfg = Debug|Any CPU
		{70EF2B44-0701-43C0-8C0D-FADB8560CC21}.Debug|Any CPU.Build.0 = Debug|Any CPU
		{70EF2B44-0701-43C0-8C0D-FADB8560CC21}.Release|Any CPU.ActiveCfg = Release|Any CPU
		{70EF2B44-0701-43C0-8C0D-FADB8560CC21}.Release|Any CPU.Build.0 = Release|Any CPU
	EndGlobalSection
	GlobalSection(SolutionProperties) = preSolution
		HideSolutionNode = FALSE
	EndGlobalSection
	GlobalSection(ExtensibilityGlobals) = postSolution
		SolutionGuid = {47587270-AE0F-4E46-9513-39B57062BAF6}
	EndGlobalSection
EndGlobal
